// !$*UTF8*$!
{
	archiveVersion = 1;
	classes = {
	};
	objectVersion = 46;
	objects = {

/* Begin PBXBuildFile section */
		D549FB161C7AD8470098D3A2 /* AppDelegate.swift in Sources */ = {isa = PBXBuildFile; fileRef = D549FB151C7AD8470098D3A2 /* AppDelegate.swift */; };
		D549FB1B1C7AD8470098D3A2 /* Main.storyboard in Resources */ = {isa = PBXBuildFile; fileRef = D549FB191C7AD8470098D3A2 /* Main.storyboard */; };
		D549FB1D1C7AD8470098D3A2 /* Assets.xcassets in Resources */ = {isa = PBXBuildFile; fileRef = D549FB1C1C7AD8470098D3A2 /* Assets.xcassets */; };
		D549FB201C7AD8470098D3A2 /* LaunchScreen.storyboard in Resources */ = {isa = PBXBuildFile; fileRef = D549FB1E1C7AD8470098D3A2 /* LaunchScreen.storyboard */; };
		D549FB281C7AD94D0098D3A2 /* RestaurantTableViewController.swift in Sources */ = {isa = PBXBuildFile; fileRef = D549FB271C7AD94D0098D3A2 /* RestaurantTableViewController.swift */; };
/* End PBXBuildFile section */

/* Begin PBXFileReference section */
		D549FB121C7AD8470098D3A2 /* FootPin.app */ = {isa = PBXFileReference; explicitFileType = wrapper.application; includeInIndex = 0; path = FootPin.app; sourceTree = BUILT_PRODUCTS_DIR; };
		D549FB151C7AD8470098D3A2 /* AppDelegate.swift */ = {isa = PBXFileReference; lastKnownFileType = sourcecode.swift; path = AppDelegate.swift; sourceTree = "<group>"; };
		D549FB1A1C7AD8470098D3A2 /* Base */ = {isa = PBXFileReference; lastKnownFileType = file.storyboard; name = Base; path = Base.lproj/Main.storyboard; sourceTree = "<group>"; };
		D549FB1C1C7AD8470098D3A2 /* Assets.xcassets */ = {isa = PBXFileReference; lastKnownFileType = folder.assetcatalog; path = Assets.xcassets; sourceTree = "<group>"; };
		D549FB1F1C7AD8470098D3A2 /* Base */ = {isa = PBXFileReference; lastKnownFileType = file.storyboard; name = Base; path = Base.lproj/LaunchScreen.storyboard; sourceTree = "<group>"; };
		D549FB211C7AD8470098D3A2 /* Info.plist */ = {isa = PBXFileReference; lastKnownFileType = text.plist.xml; path = Info.plist; sourceTree = "<group>"; };
		D549FB271C7AD94D0098D3A2 /* RestaurantTableViewController.swift */ = {isa = PBXFileReference; fileEncoding = 4; lastKnownFileType = sourcecode.swift; path = RestaurantTableViewController.swift; sourceTree = "<group>"; };
/* End PBXFileReference section */

/* Begin PBXFrameworksBuildPhase section */
		D549FB0F1C7AD8470098D3A2 /* Frameworks */ = {
			isa = PBXFrameworksBuildPhase;
			buildActionMask = 2147483647;
			files = (
			);
			runOnlyForDeploymentPostprocessing = 0;
		};
/* End PBXFrameworksBuildPhase section */

/* Begin PBXGroup section */
		D549FB091C7AD8470098D3A2 = {
			isa = PBXGroup;
			children = (
				D549FB141C7AD8470098D3A2 /* FootPin */,
				D549FB131C7AD8470098D3A2 /* Products */,
			);
			sourceTree = "<group>";
		};
		D549FB131C7AD8470098D3A2 /* Products */ = {
			isa = PBXGroup;
			children = (
				D549FB121C7AD8470098D3A2 /* FootPin.app */,
			);
			name = Products;
			sourceTree = "<group>";
		};
		D549FB141C7AD8470098D3A2 /* FootPin */ = {
			isa = PBXGroup;
			children = (
				D549FB151C7AD8470098D3A2 /* AppDelegate.swift */,
				D549FB191C7AD8470098D3A2 /* Main.storyboard */,
				D549FB271C7AD94D0098D3A2 /* RestaurantTableViewController.swift */,
				D549FB1C1C7AD8470098D3A2 /* Assets.xcassets */,
				D549FB1E1C7AD8470098D3A2 /* LaunchScreen.storyboard */,
				D549FB211C7AD8470098D3A2 /* Info.plist */,
			);
			path = FootPin;
			sourceTree = "<group>";
		};
/* End PBXGroup section */

/* Begin PBXNativeTarget section */
		D549FB111C7AD8470098D3A2 /* FootPin */ = {
			isa = PBXNativeTarget;
			buildConfigurationList = D549FB241C7AD8470098D3A2 /* Build configuration list for PBXNativeTarget "FootPin" */;
			buildPhases = (
				D549FB0E1C7AD8470098D3A2 /* Sources */,
				D549FB0F1C7AD8470098D3A2 /* Frameworks */,
				D549FB101C7AD8470098D3A2 /* Resources */,
			);
			buildRules = (
			);
			dependencies = (
			);
			name = FootPin;
			productName = FootPin;
			productReference = D549FB121C7AD8470098D3A2 /* FootPin.app */;
			productType = "com.apple.product-type.application";
		};
/* End PBXNativeTarget section */

/* Begin PBXProject section */
		D549FB0A1C7AD8470098D3A2 /* Project object */ = {
			isa = PBXProject;
			attributes = {
				LastSwiftUpdateCheck = 0720;
				LastUpgradeCheck = 0720;
				ORGANIZATIONNAME = jgh;
				TargetAttributes = {
					D549FB111C7AD8470098D3A2 = {
						CreatedOnToolsVersion = 7.2.1;
						DevelopmentTeam = 2L8683256Z;
					};
				};
			};
			buildConfigurationList = D549FB0D1C7AD8470098D3A2 /* Build configuration list for PBXProject "FootPin" */;
			compatibilityVersion = "Xcode 3.2";
			developmentRegion = English;
			hasScannedForEncodings = 0;
			knownRegions = (
				en,
				Base,
			);
			mainGroup = D549FB091C7AD8470098D3A2;
			productRefGroup = D549FB131C7AD8470098D3A2 /* Products */;
			projectDirPath = "";
			projectRoot = "";
			targets = (
				D549FB111C7AD8470098D3A2 /* FootPin */,
			);
		};
/* End PBXProject section */

/* Begin PBXResourcesBuildPhase section */
		D549FB101C7AD8470098D3A2 /* Resources */ = {
			isa = PBXResourcesBuildPhase;
			buildActionMask = 2147483647;
			files = (
				D549FB201C7AD8470098D3A2 /* LaunchScreen.storyboard in Resources */,
				D549FB1D1C7AD8470098D3A2 /* Assets.xcassets in Resources */,
				D549FB1B1C7AD8470098D3A2 /* Main.storyboard in Resources */,
			);
			runOnlyForDeploymentPostprocessing = 0;
		};
/* End PBXResourcesBuildPhase section */

/* Begin PBXSourcesBuildPhase section */
		D549FB0E1C7AD8470098D3A2 /* Sources */ = {
			isa = PBXSourcesBuildPhase;
			buildActionMask = 2147483647;
			files = (
				D549FB281C7AD94D0098D3A2 /* RestaurantTableViewController.swift in Sources */,
				D549FB161C7AD8470098D3A2 /* AppDelegate.swift in Sources */,
			);
			runOnlyForDeploymentPostprocessing = 0;
		};
/* End PBXSourcesBuildPhase section */

/* Begin PBXVariantGroup section */
		D549FB191C7AD8470098D3A2 /* Main.storyboard */ = {
			isa = PBXVariantGroup;
			children = (
				D549FB1A1C7AD8470098D3A2 /* Base */,
			);
			name = Main.storyboard;
			sourceTree = "<group>";
		};
		D549FB1E1C7AD8470098D3A2 /* LaunchScreen.storyboard */ = {
			isa = PBXVariantGroup;
			children = (
				D549FB1F1C7AD8470098D3A2 /* Base */,
			);
			name = LaunchScreen.storyboard;
			sourceTree = "<group>";
		};
/* End PBXVariantGroup section */

/* Begin XCBuildConfiguration section */
		D549FB221C7AD8470098D3A2 /* Debug */ = {
			isa = XCBuildConfiguration;
			buildSettings = {
				ALWAYS_SEARCH_USER_PATHS = NO;
				CLANG_CXX_LANGUAGE_STANDARD = "gnu++0x";
				CLANG_CXX_LIBRARY = "libc++";
				CLANG_ENABLE_MODULES = YES;
				CLANG_ENABLE_OBJC_ARC = YES;
				CLANG_WARN_BOOL_CONVERSION = YES;
				CLANG_WARN_CONSTANT_CONVERSION = YES;
				CLANG_WARN_DIRECT_OBJC_ISA_USAGE = YES_ERROR;
				CLANG_WARN_EMPTY_BODY = YES;
				CLANG_WARN_ENUM_CONVERSION = YES;
				CLANG_WARN_INT_CONVERSION = YES;
				CLANG_WARN_OBJC_ROOT_CLASS = YES_ERROR;
				CLANG_WARN_UNREACHABLE_CODE = YES;
				CLANG_WARN__DUPLICATE_METHOD_MATCH = YES;
				"CODE_SIGN_IDENTITY[sdk=iphoneos*]" = "iPhone Developer";
				COPY_PHASE_STRIP = NO;
				DEBUG_INFORMATION_FORMAT = dwarf;
				ENABLE_STRICT_OBJC_MSGSEND = YES;
				ENABLE_TESTABILITY = YES;
				GCC_C_LANGUAGE_STANDARD = gnu99;
				GCC_DYNAMIC_NO_PIC = NO;
				GCC_NO_COMMON_BLOCKS = YES;
				GCC_OPTIMIZATION_LEVEL = 0;
				GCC_PREPROCESSOR_DEFINITIONS = (
					"DEBUG=1",
					"$(inherited)",
				);
				GCC_WARN_64_TO_32_BIT_CONVERSION = YES;
				GCC_WARN_ABOUT_RETURN_TYPE = YES_ERROR;
				GCC_WARN_UNDECLARED_SELECTOR = YES;
				GCC_WARN_UNINITIALIZED_AUTOS = YES_AGGRESSIVE;
				GCC_WARN_UNUSED_FUNCTION = YES;
				GCC_WARN_UNUSED_VARIABLE = YES;
				IPHONEOS_DEPLOYMENT_TARGET = 9.2;
				MTL_ENABLE_DEBUG_INFO = YES;
				ONLY_ACTIVE_ARCH = YES;
				SDKROOT = iphoneos;
				SWIFT_OPTIMIZATION_LEVEL = "-Onone";
				TARGETED_DEVICE_FAMILY = "1,2";
			};
			name = Debug;
		};
		D549FB231C7AD8470098D3A2 /* Release */ = {
			isa = XCBuildConfiguration;
			buildSettings = {
				ALWAYS_SEARCH_USER_PATHS = NO;
				CLANG_CXX_LANGUAGE_STANDARD = "gnu++0x";
				CLANG_CXX_LIBRARY = "libc++";
				CLANG_ENABLE_MODULES = YES;
				CLANG_ENABLE_OBJC_ARC = YES;
				CLANG_WARN_BOOL_CONVERSION = YES;
				CLANG_WARN_CONSTANT_CONVERSION = YES;
				CLANG_WARN_DIRECT_OBJC_ISA_USAGE = YES_ERROR;
				CLANG_WARN_EMPTY_BODY = YES;
				CLANG_WARN_ENUM_CONVERSION = YES;
				CLANG_WARN_INT_CONVERSION = YES;
				CLANG_WARN_OBJC_ROOT_CLASS = YES_ERROR;
				CLANG_WARN_UNREACHABLE_CODE = YES;
				CLANG_WARN__DUPLICATE_METHOD_MATCH = YES;
				"CODE_SIGN_IDENTITY[sdk=iphoneos*]" = "iPhone Developer";
				COPY_PHASE_STRIP = NO;
				DEBUG_INFORMATION_FORMAT = "dwarf-with-dsym";
				ENABLE_NS_ASSERTIONS = NO;
				ENABLE_STRICT_OBJC_MSGSEND = YES;
				GCC_C_LANGUAGE_STANDARD = gnu99;
				GCC_NO_COMMON_BLOCKS = YES;
				GCC_WARN_64_TO_32_BIT_CONVERSION = YES;
				GCC_WARN_ABOUT_RETURN_TYPE = YES_ERROR;
				GCC_WARN_UNDECLARED_SELECTOR = YES;
				GCC_WARN_UNINITIALIZED_AUTOS = YES_AGGRESSIVE;
				GCC_WARN_UNUSED_FUNCTION = YES;
				GCC_WARN_UNUSED_VARIABLE = YES;
				IPHONEOS_DEPLOYMENT_TARGET = 9.2;
				MTL_ENABLE_DEBUG_INFO = NO;
				SDKROOT = iphoneos;
				TARGETED_DEVICE_FAMILY = "1,2";
				VALIDATE_PRODUCT = YES;
			};
			name = Release;
		};
		D549FB251C7AD8470098D3A2 /* Debug */ = {
			isa = XCBuildConfiguration;
			buildSettings = {
				ASSETCATALOG_COMPILER_APPICON_NAME = AppIcon;
				INFOPLIST_FILE = FootPin/Info.plist;
				LD_RUNPATH_SEARCH_PATHS = "$(inherited) @executable_path/Frameworks";
				PRODUCT_BUNDLE_IDENTIFIER = com.scau.jgh.FootPin;
				PRODUCT_NAME = "$(TARGET_NAME)";
			};
			name = Debug;
		};
		D549FB261C7AD8470098D3A2 /* Release */ = {
			isa = XCBuildConfiguration;
			buildSettings = {
				ASSETCATALOG_COMPILER_APPICON_NAME = AppIcon;
				INFOPLIST_FILE = FootPin/Info.plist;
				LD_RUNPATH_SEARCH_PATHS = "$(inherited) @executable_path/Frameworks";
				PRODUCT_BUNDLE_IDENTIFIER = com.scau.jgh.FootPin;
				PRODUCT_NAME = "$(TARGET_NAME)";
			};
			name = Release;
		};
/* End XCBuildConfiguration section */

/* Begin XCConfigurationList section */
		D549FB0D1C7AD8470098D3A2 /* Build configuration list for PBXProject "FootPin" */ = {
			isa = XCConfigurationList;
			buildConfigurations = (
				D549FB221C7AD8470098D3A2 /* Debug */,
				D549FB231C7AD8470098D3A2 /* Release */,
			);
			defaultConfigurationIsVisible = 0;
			defaultConfigurationName = Release;
		};
		D549FB241C7AD8470098D3A2 /* Build configuration list for PBXNativeTarget "FootPin" */ = {
			isa = XCConfigurationList;
			buildConfigurations = (
				D549FB251C7AD8470098D3A2 /* Debug */,
				D549FB261C7AD8470098D3A2 /* Release */,
			);
			defaultConfigurationIsVisible = 0;
		};
/* End XCConfigurationList section */
	};
	rootObject = D549FB0A1C7AD8470098D3A2 /* Project object */;
}
